
Microsoft Visual Studio Solution File, Format Version 12.00
# Visual Studio 15
VisualStudioVersion = 15.0.28307.757
MinimumVisualStudioVersion = 10.0.40219.1
Project("{FAE04EC0-301F-11D3-BF4B-00C04F79EFBC}") = "DemoIconsXamarin.Android", "DemoIconsXamarin\DemoIconsXamarin.Android\DemoIconsXamarin.Android.csproj", "{6D436EA9-81A9-47AF-9DFB-A0C70BCD4A47}"
EndProject
Project("{FAE04EC0-301F-11D3-BF4B-00C04F79EFBC}") = "DemoIconsXamarin.iOS", "DemoIconsXamarin\DemoIconsXamarin.iOS\DemoIconsXamarin.iOS.csproj", "{C2C38E94-5354-4558-9A9C-31838B409353}"
EndProject
Project("{FAE04EC0-301F-11D3-BF4B-00C04F79EFBC}") = "DemoIconsXamarin.UWP", "DemoIconsXamarin\DemoIconsXamarin.UWP\DemoIconsXamarin.UWP.csproj", "{4A251EF5-4F81-495F-B0BB-D0E8F55181A6}"
EndProject
Project("{FAE04EC0-301F-11D3-BF4B-00C04F79EFBC}") = "DemoIconsXamarin", "DemoIconsXamarin\DemoIconsXamarin\DemoIconsXamarin.csproj", "{DB2B6FF2-F650-4C11-BD1A-8F1B17A69E97}"
EndProject
Global
	GlobalSection(SolutionConfigurationPlatforms) = preSolution
		Debug|Any CPU = Debug|Any CPU
		Debug|ARM = Debug|ARM
		Debug|iPhone = Debug|iPhone
		Debug|iPhoneSimulator = Debug|iPhoneSimulator
		Debug|x64 = Debug|x64
		Debug|x86 = Debug|x86
		Release|Any CPU = Release|Any CPU
		Release|ARM = Release|ARM
		Release|iPhone = Release|iPhone
		Release|iPhoneSimulator = Release|iPhoneSimulator
		Release|x64 = Release|x64
		Release|x86 = Release|x86
	EndGlobalSection
	GlobalSection(ProjectConfigurationPlatforms) = postSolution
		{6D436EA9-81A9-47AF-9DFB-A0C70BCD4A47}.Debug|Any CPU.ActiveCfg = Debug|Any CPU
		{6D436EA9-81A9-47AF-9DFB-A0C70BCD4A47}.Debug|Any CPU.Build.0 = Debug|Any CPU
		{6D436EA9-81A9-47AF-9DFB-A0C70BCD4A47}.Debug|Any CPU.Deploy.0 = Debug|Any CPU
		{6D436EA9-81A9-47AF-9DFB-A0C70BCD4A47}.Debug|ARM.ActiveCfg = Debug|Any CPU
		{6D436EA9-81A9-47AF-9DFB-A0C70BCD4A47}.Debug|ARM.Build.0 = Debug|Any CPU
		{6D436EA9-81A9-47AF-9DFB-A0C70BCD4A47}.Debug|ARM.Deploy.0 = Debug|Any CPU
		{6D436EA9-81A9-47AF-9DFB-A0C70BCD4A47}.Debug|iPhone.ActiveCfg = Debug|Any CPU
		{6D436EA9-81A9-47AF-9DFB-A0C70BCD4A47}.Debug|iPhone.Build.0 = Debug|Any CPU
		{6D436EA9-81A9-47AF-9DFB-A0C70BCD4A47}.Debug|iPhone.Deploy.0 = Debug|Any CPU
		{6D436EA9-81A9-47AF-9DFB-A0C70BCD4A47}.Debug|iPhoneSimulator.ActiveCfg = Debug|Any CPU
		{6D436EA9-81A9-47AF-9DFB-A0C70BCD4A47}.Debug|iPhoneSimulator.Build.0 = Debug|Any CPU
		{6D436EA9-81A9-47AF-9DFB-A0C70BCD4A47}.Debug|iPhoneSimulator.Deploy.0 = Debug|Any CPU
		{6D436EA9-81A9-47AF-9DFB-A0C70BCD4A47}.Debug|x64.ActiveCfg = Debug|Any CPU
		{6D436EA9-81A9-47AF-9DFB-A0C70BCD4A47}.Debug|x64.Build.0 = Debug|Any CPU
		{6D436EA9-81A9-47AF-9DFB-A0C70BCD4A47}.Debug|x64.Deploy.0 = Debug|Any CPU
		{6D436EA9-81A9-47AF-9DFB-A0C70BCD4A47}.Debug|x86.ActiveCfg = Debug|Any CPU
		{6D436EA9-81A9-47AF-9DFB-A0C70BCD4A47}.Debug|x86.Build.0 = Debug|Any CPU
		{6D436EA9-81A9-47AF-9DFB-A0C70BCD4A47}.Debug|x86.Deploy.0 = Debug|Any CPU
		{6D436EA9-81A9-47AF-9DFB-A0C70BCD4A47}.Release|Any CPU.ActiveCfg = Release|Any CPU
		{6D436EA9-81A9-47AF-9DFB-A0C70BCD4A47}.Release|Any CPU.Build.0 = Release|Any CPU
		{6D436EA9-81A9-47AF-9DFB-A0C70BCD4A47}.Release|Any CPU.Deploy.0 = Release|Any CPU
		{6D436EA9-81A9-47AF-9DFB-A0C70BCD4A47}.Release|ARM.ActiveCfg = Release|Any CPU
		{6D436EA9-81A9-47AF-9DFB-A0C70BCD4A47}.Release|ARM.Build.0 = Release|Any CPU
		{6D436EA9-81A9-47AF-9DFB-A0C70BCD4A47}.Release|ARM.Deploy.0 = Release|Any CPU
		{6D436EA9-81A9-47AF-9DFB-A0C70BCD4A47}.Release|iPhone.ActiveCfg = Release|Any CPU
		{6D436EA9-81A9-47AF-9DFB-A0C70BCD4A47}.Release|iPhone.Build.0 = Release|Any CPU
		{6D436EA9-81A9-47AF-9DFB-A0C70BCD4A47}.Release|iPhone.Deploy.0 = Release|Any CPU
		{6D436EA9-81A9-47AF-9DFB-A0C70BCD4A47}.Release|iPhoneSimulator.ActiveCfg = Release|Any CPU
		{6D436EA9-81A9-47AF-9DFB-A0C70BCD4A47}.Release|iPhoneSimulator.Build.0 = Release|Any CPU
		{6D436EA9-81A9-47AF-9DFB-A0C70BCD4A47}.Release|iPhoneSimulator.Deploy.0 = Release|Any CPU
		{6D436EA9-81A9-47AF-9DFB-A0C70BCD4A47}.Release|x64.ActiveCfg = Release|Any CPU
		{6D436EA9-81A9-47AF-9DFB-A0C70BCD4A47}.Release|x64.Build.0 = Release|Any CPU
		{6D436EA9-81A9-47AF-9DFB-A0C70BCD4A47}.Release|x64.Deploy.0 = Release|Any CPU
		{6D436EA9-81A9-47AF-9DFB-A0C70BCD4A47}.Release|x86.ActiveCfg = Release|Any CPU
		{6D436EA9-81A9-47AF-9DFB-A0C70BCD4A47}.Release|x86.Build.0 = Release|Any CPU
		{6D436EA9-81A9-47AF-9DFB-A0C70BCD4A47}.Release|x86.Deploy.0 = Release|Any CPU
		{C2C38E94-5354-4558-9A9C-31838B409353}.Debug|Any CPU.ActiveCfg = Debug|iPhoneSimulator
		{C2C38E94-5354-4558-9A9C-31838B409353}.Debug|Any CPU.Build.0 = Debug|iPhoneSimulator
		{C2C38E94-5354-4558-9A9C-31838B409353}.Debug|Any CPU.Deploy.0 = Debug|iPhoneSimulator
		{C2C38E94-5354-4558-9A9C-31838B409353}.Debug|ARM.ActiveCfg = Debug|iPhone
		{C2C38E94-5354-4558-9A9C-31838B409353}.Debug|ARM.Build.0 = Debug|iPhone
		{C2C38E94-5354-4558-9A9C-31838B409353}.Debug|ARM.Deploy.0 = Debug|iPhone
		{C2C38E94-5354-4558-9A9C-31838B409353}.Debug|iPhone.ActiveCfg = Debug|iPhone
		{C2C38E94-5354-4558-9A9C-31838B409353}.Debug|iPhone.Build.0 = Debug|iPhone
		{C2C38E94-5354-4558-9A9C-31838B409353}.Debug|iPhone.Deploy.0 = Debug|iPhone
		{C2C38E94-5354-4558-9A9C-31838B409353}.Debug|iPhoneSimulator.ActiveCfg = Debug|iPhoneSimulator
		{C2C38E94-5354-4558-9A9C-31838B409353}.Debug|iPhoneSimulator.Build.0 = Debug|iPhoneSimulator
		{C2C38E94-5354-4558-9A9C-31838B409353}.Debug|iPhoneSimulator.Deploy.0 = Debug|iPhoneSimulator
		{C2C38E94-5354-4558-9A9C-31838B409353}.Debug|x64.ActiveCfg = Debug|iPhone
		{C2C38E94-5354-4558-9A9C-31838B409353}.Debug|x64.Build.0 = Debug|iPhone
		{C2C38E94-5354-4558-9A9C-31838B409353}.Debug|x64.Deploy.0 = Debug|iPhone
		{C2C38E94-5354-4558-9A9C-31838B409353}.Debug|x86.ActiveCfg = Debug|iPhone
		{C2C38E94-5354-4558-9A9C-31838B409353}.Debug|x86.Build.0 = Debug|iPhone
		{C2C38E94-5354-4558-9A9C-31838B409353}.Debug|x86.Deploy.0 = Debug|iPhone
		{C2C38E94-5354-4558-9A9C-31838B409353}.Release|Any CPU.ActiveCfg = Release|iPhone
		{C2C38E94-5354-4558-9A9C-31838B409353}.Release|Any CPU.Build.0 = Release|iPhone
		{C2C38E94-5354-4558-9A9C-31838B409353}.Release|Any CPU.Deploy.0 = Release|iPhone
		{C2C38E94-5354-4558-9A9C-31838B409353}.Release|ARM.ActiveCfg = Release|iPhone
		{C2C38E94-5354-4558-9A9C-31838B409353}.Release|ARM.Build.0 = Release|iPhone
		{C2C38E94-5354-4558-9A9C-31838B409353}.Release|ARM.Deploy.0 = Release|iPhone
		{C2C38E94-5354-4558-9A9C-31838B409353}.Release|iPhone.ActiveCfg = Release|iPhone
		{C2C38E94-5354-4558-9A9C-31838B409353}.Release|iPhone.Build.0 = Release|iPhone
		{C2C38E94-5354-4558-9A9C-31838B409353}.Release|iPhone.Deploy.0 = Release|iPhone
		{C2C38E94-5354-4558-9A9C-31838B409353}.Release|iPhoneSimulator.ActiveCfg = Release|iPhoneSimulator
		{C2C38E94-5354-4558-9A9C-31838B409353}.Release|iPhoneSimulator.Build.0 = Release|iPhoneSimulator
		{C2C38E94-5354-4558-9A9C-31838B409353}.Release|iPhoneSimulator.Deploy.0 = Release|iPhoneSimulator
		{C2C38E94-5354-4558-9A9C-31838B409353}.Release|x64.ActiveCfg = Release|iPhone
		{C2C38E94-5354-4558-9A9C-31838B409353}.Release|x64.Build.0 = Release|iPhone
		{C2C38E94-5354-4558-9A9C-31838B409353}.Release|x64.Deploy.0 = Release|iPhone
		{C2C38E94-5354-4558-9A9C-31838B409353}.Release|x86.ActiveCfg = Release|iPhone
		{C2C38E94-5354-4558-9A9C-31838B409353}.Release|x86.Build.0 = Release|iPhone
		{C2C38E94-5354-4558-9A9C-31838B409353}.Release|x86.Deploy.0 = Release|iPhone
		{4A251EF5-4F81-495F-B0BB-D0E8F55181A6}.Debug|Any CPU.ActiveCfg = Debug|x86
		{4A251EF5-4F81-495F-B0BB-D0E8F55181A6}.Debug|Any CPU.Build.0 = Debug|x86
		{4A251EF5-4F81-495F-B0BB-D0E8F55181A6}.Debug|Any CPU.Deploy.0 = Debug|x86
		{4A251EF5-4F81-495F-B0BB-D0E8F55181A6}.Debug|ARM.ActiveCfg = Debug|ARM
		{4A251EF5-4F81-495F-B0BB-D0E8F55181A6}.Debug|ARM.Build.0 = Debug|ARM
		{4A251EF5-4F81-495F-B0BB-D0E8F55181A6}.Debug|ARM.Deploy.0 = Debug|ARM
		{4A251EF5-4F81-495F-B0BB-D0E8F55181A6}.Debug|iPhone.ActiveCfg = Debug|x86
		{4A251EF5-4F81-495F-B0BB-D0E8F55181A6}.Debug|iPhone.Build.0 = Debug|x86
		{4A251EF5-4F81-495F-B0BB-D0E8F55181A6}.Debug|iPhone.Deploy.0 = Debug|x86
		{4A251EF5-4F81-495F-B0BB-D0E8F55181A6}.Debug|iPhoneSimulator.ActiveCfg = Debug|x86
		{4A251EF5-4F81-495F-B0BB-D0E8F55181A6}.Debug|iPhoneSimulator.Build.0 = Debug|x86
		{4A251EF5-4F81-495F-B0BB-D0E8F55181A6}.Debug|iPhoneSimulator.Deploy.0 = Debug|x86
		{4A251EF5-4F81-495F-B0BB-D0E8F55181A6}.Debug|x64.ActiveCfg = Debug|x64
		{4A251EF5-4F81-495F-B0BB-D0E8F55181A6}.Debug|x64.Build.0 = Debug|x64
		{4A251EF5-4F81-495F-B0BB-D0E8F55181A6}.Debug|x64.Deploy.0 = Debug|x64
		{4A251EF5-4F81-495F-B0BB-D0E8F55181A6}.Debug|x86.ActiveCfg = Debug|x86
		{4A251EF5-4F81-495F-B0BB-D0E8F55181A6}.Debug|x86.Build.0 = Debug|x86
		{4A251EF5-4F81-495F-B0BB-D0E8F55181A6}.Debug|x86.Deploy.0 = Debug|x86
		{4A251EF5-4F81-495F-B0BB-D0E8F55181A6}.Release|Any CPU.ActiveCfg = Release|x86
		{4A251EF5-4F81-495F-B0BB-D0E8F55181A6}.Release|Any CPU.Build.0 = Release|x86
		{4A251EF5-4F81-495F-B0BB-D0E8F55181A6}.Release|Any CPU.Deploy.0 = Release|x86
		{4A251EF5-4F81-495F-B0BB-D0E8F55181A6}.Release|ARM.ActiveCfg = Release|ARM
		{4A251EF5-4F81-495F-B0BB-D0E8F55181A6}.Release|ARM.Build.0 = Release|ARM
		{4A251EF5-4F81-495F-B0BB-D0E8F55181A6}.Release|ARM.Deploy.0 = Release|ARM
		{4A251EF5-4F81-495F-B0BB-D0E8F55181A6}.Release|iPhone.ActiveCfg = Release|x86
		{4A251EF5-4F81-495F-B0BB-D0E8F55181A6}.Release|iPhone.Build.0 = Release|x86
		{4A251EF5-4F81-495F-B0BB-D0E8F55181A6}.Release|iPhone.Deploy.0 = Release|x86
		{4A251EF5-4F81-495F-B0BB-D0E8F55181A6}.Release|iPhoneSimulator.ActiveCfg = Release|x86
		{4A251EF5-4F81-495F-B0BB-D0E8F55181A6}.Release|iPhoneSimulator.Build.0 = Release|x86
		{4A251EF5-4F81-495F-B0BB-D0E8F55181A6}.Release|iPhoneSimulator.Deploy.0 = Release|x86
		{4A251EF5-4F81-495F-B0BB-D0E8F55181A6}.Release|x64.ActiveCfg = Release|x64
		{4A251EF5-4F81-495F-B0BB-D0E8F55181A6}.Release|x64.Build.0 = Release|x64
		{4A251EF5-4F81-495F-B0BB-D0E8F55181A6}.Release|x64.Deploy.0 = Release|x64
		{4A251EF5-4F81-495F-B0BB-D0E8F55181A6}.Release|x86.ActiveCfg = Release|x86
		{4A251EF5-4F81-495F-B0BB-D0E8F55181A6}.Release|x86.Build.0 = Release|x86
		{4A251EF5-4F81-495F-B0BB-D0E8F55181A6}.Release|x86.Deploy.0 = Release|x86
		{DB2B6FF2-F650-4C11-BD1A-8F1B17A69E97}.Debug|Any CPU.ActiveCfg = Debug|Any CPU
		{DB2B6FF2-F650-4C11-BD1A-8F1B17A69E97}.Debug|Any CPU.Build.0 = Debug|Any CPU
		{DB2B6FF2-F650-4C11-BD1A-8F1B17A69E97}.Debug|Any CPU.Deploy.0 = Debug|Any CPU
		{DB2B6FF2-F650-4C11-BD1A-8F1B17A69E97}.Debug|ARM.ActiveCfg = Debug|Any CPU
		{DB2B6FF2-F650-4C11-BD1A-8F1B17A69E97}.Debug|ARM.Build.0 = Debug|Any CPU
		{DB2B6FF2-F650-4C11-BD1A-8F1B17A69E97}.Debug|ARM.Deploy.0 = Debug|Any CPU
		{DB2B6FF2-F650-4C11-BD1A-8F1B17A69E97}.Debug|iPhone.ActiveCfg = Debug|Any CPU
		{DB2B6FF2-F650-4C11-BD1A-8F1B17A69E97}.Debug|iPhone.Build.0 = Debug|Any CPU
		{DB2B6FF2-F650-4C11-BD1A-8F1B17A69E97}.Debug|iPhone.Deploy.0 = Debug|Any CPU
		{DB2B6FF2-F650-4C11-BD1A-8F1B17A69E97}.Debug|iPhoneSimulator.ActiveCfg = Debug|Any CPU
		{DB2B6FF2-F650-4C11-BD1A-8F1B17A69E97}.Debug|iPhoneSimulator.Build.0 = Debug|Any CPU
		{DB2B6FF2-F650-4C11-BD1A-8F1B17A69E97}.Debug|iPhoneSimulator.Deploy.0 = Debug|Any CPU
		{DB2B6FF2-F650-4C11-BD1A-8F1B17A69E97}.Debug|x64.ActiveCfg = Debug|Any CPU
		{DB2B6FF2-F650-4C11-BD1A-8F1B17A69E97}.Debug|x64.Build.0 = Debug|Any CPU
		{DB2B6FF2-F650-4C11-BD1A-8F1B17A69E97}.Debug|x64.Deploy.0 = Debug|Any CPU
		{DB2B6FF2-F650-4C11-BD1A-8F1B17A69E97}.Debug|x86.ActiveCfg = Debug|Any CPU
		{DB2B6FF2-F650-4C11-BD1A-8F1B17A69E97}.Debug|x86.Build.0 = Debug|Any CPU
		{DB2B6FF2-F650-4C11-BD1A-8F1B17A69E97}.Debug|x86.Deploy.0 = Debug|Any CPU
		{DB2B6FF2-F650-4C11-BD1A-8F1B17A69E97}.Release|Any CPU.ActiveCfg = Release|Any CPU
		{DB2B6FF2-F650-4C11-BD1A-8F1B17A69E97}.Release|Any CPU.Build.0 = Release|Any CPU
		{DB2B6FF2-F650-4C11-BD1A-8F1B17A69E97}.Release|Any CPU.Deploy.0 = Release|Any CPU
		{DB2B6FF2-F650-4C11-BD1A-8F1B17A69E97}.Release|ARM.ActiveCfg = Release|Any CPU
		{DB2B6FF2-F650-4C11-BD1A-8F1B17A69E97}.Release|ARM.Build.0 = Release|Any CPU
		{DB2B6FF2-F650-4C11-BD1A-8F1B17A69E97}.Release|ARM.Deploy.0 = Release|Any CPU
		{DB2B6FF2-F650-4C11-BD1A-8F1B17A69E97}.Release|iPhone.ActiveCfg = Release|Any CPU
		{DB2B6FF2-F650-4C11-BD1A-8F1B17A69E97}.Release|iPhone.Build.0 = Release|Any CPU
		{DB2B6FF2-F650-4C11-BD1A-8F1B17A69E97}.Release|iPhone.Deploy.0 = Release|Any CPU
		{DB2B6FF2-F650-4C11-BD1A-8F1B17A69E97}.Release|iPhoneSimulator.ActiveCfg = Release|Any CPU
		{DB2B6FF2-F650-4C11-BD1A-8F1B17A69E97}.Release|iPhoneSimulator.Build.0 = Release|Any CPU
		{DB2B6FF2-F650-4C11-BD1A-8F1B17A69E97}.Release|iPhoneSimulator.Deploy.0 = Release|Any CPU
		{DB2B6FF2-F650-4C11-BD1A-8F1B17A69E97}.Release|x64.ActiveCfg = Release|Any CPU
		{DB2B6FF2-F650-4C11-BD1A-8F1B17A69E97}.Release|x64.Build.0 = Release|Any CPU
		{DB2B6FF2-F650-4C11-BD1A-8F1B17A69E97}.Release|x64.Deploy.0 = Release|Any CPU
		{DB2B6FF2-F650-4C11-BD1A-8F1B17A69E97}.Release|x86.ActiveCfg = Release|Any CPU
		{DB2B6FF2-F650-4C11-BD1A-8F1B17A69E97}.Release|x86.Build.0 = Release|Any CPU
		{DB2B6FF2-F650-4C11-BD1A-8F1B17A69E97}.Release|x86.Deploy.0 = Release|Any CPU
	EndGlobalSection
	GlobalSection(SolutionProperties) = preSolution
		HideSolutionNode = FALSE
	EndGlobalSection
	GlobalSection(ExtensibilityGlobals) = postSolution
		SolutionGuid = {AAAE44B4-3E89-47D5-9B60-51D6EA1AD658}
	EndGlobalSection
EndGlobal
